Microsoft Visual Studio Solution File, Format Version 12.00
# Visual Studio Version 17
VisualStudioVersion = 17.0.31903.59
MinimumVisualStudioVersion = 10.0.40219.1
Project("{FAE04EC0-301F-11D3-BF4B-00C04F79EFBC}") = "ED8Editor.Core", "src\ED8Editor.Core\ED8Editor.Core.csproj", "{A73A8867-6C6E-4EA1-99A4-C9CF314E5701}"
EndProject
Project("{FAE04EC0-301F-11D3-BF4B-00C04F79EFBC}") = "ED8Editor.ScriptHeaders", "src\ED8Editor.ScriptHeaders\ED8Editor.ScriptHeaders.csproj", "{04B2AFE9-D39E-492B-B1DA-EB48373DF872}"
EndProject
Project("{FAE04EC0-301F-11D3-BF4B-00C04F79EFBC}") = "ED8Editor.Cli", "src\ED8Editor.Cli\ED8Editor.Cli.csproj", "{6D2CD62E-5E77-4113-B7C3-A87AF17EDBA3}"
EndProject
Project("{FAE04EC0-301F-11D3-BF4B-00C04F79EFBC}") = "ED8Editor.Ops", "src\ED8Editor.Ops\ED8Editor.Ops.csproj", "{77B81E5B-728B-44F3-9C89-263179E50716}"
EndProject
Project("{FAE04EC0-301F-11D3-BF4B-00C04F79EFBC}") = "ED8Editor.Application", "src\ED8Editor.Application\ED8Editor.Application.csproj", "{D9FEAEE9-5BDA-4538-B5ED-6D7E51D1DA92}"
EndProject
Project("{FAE04EC0-301F-11D3-BF4B-00C04F79EFBC}") = "ED8Editor.Assets", "src\ED8Editor.Assets\ED8Editor.Assets.csproj", "{98A9300B-70B0-4FA1-B401-233C73F5FA6D}"
EndProject
Project("{FAE04EC0-301F-11D3-BF4B-00C04F79EFBC}") = "ED8Editor.Packages", "src\ED8Editor.Packages\ED8Editor.Packages.csproj", "{7DC2BA75-558E-462D-B7BB-3EF7164D3B5F}"
EndProject
Project("{FAE04EC0-301F-11D3-BF4B-00C04F79EFBC}") = "ED8Editor.Phyre", "src\ED8Editor.Phyre\ED8Editor.Phyre.csproj", "{A7646207-C9CD-490B-86E2-D7BE9E76B278}"
EndProject
Project("{FAE04EC0-301F-11D3-BF4B-00C04F79EFBC}") = "ED8Editor.Tests", "tests\ED8Editor.Tests\ED8Editor.Tests.csproj", "{8CF93AC2-CFAE-48C5-B047-2666A14DA440}"
EndProject
Project("{FAE04EC0-301F-11D3-BF4B-00C04F79EFBC}") = "ED8Editor.Rendering", "src\ED8Editor.Rendering\ED8Editor.Rendering.csproj", "{B1D848DB-5EA6-4D5D-B833-13C46839F9D0}"
EndProject
Project("{FAE04EC0-301F-11D3-BF4B-00C04F79EFBC}") = "ED8Editor.Viewer", "src\ED8Editor.Viewer\ED8Editor.Viewer.csproj", "{2F9671A8-D984-4821-8F74-B1CD136E4100}"
EndProject
Project("{FAE04EC0-301F-11D3-BF4B-00C04F79EFBC}") = "ED8Editor.Scene", "src\ED8Editor.Scene\ED8Editor.Scene.csproj", "{7E3F88F4-A617-4AC8-BC83-17F4BC6F0DA6}"
EndProject
Project("{2150E333-8FDC-42A3-9474-1A3956D46DE8}") = "src", "src", "{531803A3-E97A-4558-9FED-874B3C5FAB76}"
EndProject
Project("{FAE04EC0-301F-11D3-BF4B-00C04F79EFBC}") = "ED8Editor.Tables", "src\ED8Editor.Tables\ED8Editor.Tables.csproj", "{83386A44-A8BB-4FD5-994D-FAEA118CAD93}"
EndProject
Project("{FAE04EC0-301F-11D3-BF4B-00C04F79EFBC}") = "ED8Editor.Models", "src\ED8Editor.Models\ED8Editor.Models.csproj", "{C30D70C2-36B7-4D68-9D54-B2D8A5B8FB1A}"
EndProject
Project("{FAE04EC0-301F-11D3-BF4B-00C04F79EFBC}") = "ED8Editor.Shaders", "src\ED8Editor.Shaders\ED8Editor.Shaders.csproj", "{7A06EE29-B0F4-444C-8B0E-EB9A26FDF223}"
EndProject
Project("{FAE04EC0-301F-11D3-BF4B-00C04F79EFBC}") = "ED8Editor.Shaders.Cli", "src\ED8Editor.Shaders.Cli\ED8Editor.Shaders.Cli.csproj", "{2DD237E0-43A7-49F9-B940-3683BE8AD7BA}"
EndProject
Global
	GlobalSection(SolutionConfigurationPlatforms) = preSolution
		Debug|Any CPU = Debug|Any CPU
		Release|Any CPU = Release|Any CPU
	EndGlobalSection
	GlobalSection(ProjectConfigurationPlatforms) = postSolution
		{A73A8867-6C6E-4EA1-99A4-C9CF314E5701}.Debug|Any CPU.ActiveCfg = Debug|Any CPU
		{A73A8867-6C6E-4EA1-99A4-C9CF314E5701}.Debug|Any CPU.Build.0 = Debug|Any CPU
		{A73A8867-6C6E-4EA1-99A4-C9CF314E5701}.Release|Any CPU.ActiveCfg = Release|Any CPU
		{A73A8867-6C6E-4EA1-99A4-C9CF314E5701}.Release|Any CPU.Build.0 = Release|Any CPU
		{04B2AFE9-D39E-492B-B1DA-EB48373DF872}.Debug|Any CPU.ActiveCfg = Debug|Any CPU
		{04B2AFE9-D39E-492B-B1DA-EB48373DF872}.Debug|Any CPU.Build.0 = Debug|Any CPU
		{04B2AFE9-D39E-492B-B1DA-EB48373DF872}.Release|Any CPU.ActiveCfg = Release|Any CPU
		{04B2AFE9-D39E-492B-B1DA-EB48373DF872}.Release|Any CPU.Build.0 = Release|Any CPU
		{6D2CD62E-5E77-4113-B7C3-A87AF17EDBA3}.Debug|Any CPU.ActiveCfg = Debug|Any CPU
		{6D2CD62E-5E77-4113-B7C3-A87AF17EDBA3}.Debug|Any CPU.Build.0 = Debug|Any CPU
		{6D2CD62E-5E77-4113-B7C3-A87AF17EDBA3}.Release|Any CPU.ActiveCfg = Release|Any CPU
		{6D2CD62E-5E77-4113-B7C3-A87AF17EDBA3}.Release|Any CPU.Build.0 = Release|Any CPU
		{77B81E5B-728B-44F3-9C89-263179E50716}.Debug|Any CPU.ActiveCfg = Debug|Any CPU
		{77B81E5B-728B-44F3-9C89-263179E50716}.Debug|Any CPU.Build.0 = Debug|Any CPU
		{77B81E5B-728B-44F3-9C89-263179E50716}.Release|Any CPU.ActiveCfg = Release|Any CPU
		{77B81E5B-728B-44F3-9C89-263179E50716}.Release|Any CPU.Build.0 = Release|Any CPU
		{D9FEAEE9-5BDA-4538-B5ED-6D7E51D1DA92}.Debug|Any CPU.ActiveCfg = Debug|Any CPU
		{D9FEAEE9-5BDA-4538-B5ED-6D7E51D1DA92}.Debug|Any CPU.Build.0 = Debug|Any CPU
		{D9FEAEE9-5BDA-4538-B5ED-6D7E51D1DA92}.Release|Any CPU.ActiveCfg = Release|Any CPU
		{D9FEAEE9-5BDA-4538-B5ED-6D7E51D1DA92}.Release|Any CPU.Build.0 = Release|Any CPU
		{98A9300B-70B0-4FA1-B401-233C73F5FA6D}.Debug|Any CPU.ActiveCfg = Debug|Any CPU
		{98A9300B-70B0-4FA1-B401-233C73F5FA6D}.Debug|Any CPU.Build.0 = Debug|Any CPU
		{98A9300B-70B0-4FA1-B401-233C73F5FA6D}.Release|Any CPU.ActiveCfg = Release|Any CPU
		{98A9300B-70B0-4FA1-B401-233C73F5FA6D}.Release|Any CPU.Build.0 = Release|Any CPU
		{7DC2BA75-558E-462D-B7BB-3EF7164D3B5F}.Debug|Any CPU.ActiveCfg = Debug|Any CPU
		{7DC2BA75-558E-462D-B7BB-3EF7164D3B5F}.Debug|Any CPU.Build.0 = Debug|Any CPU
		{7DC2BA75-558E-462D-B7BB-3EF7164D3B5F}.Release|Any CPU.ActiveCfg = Release|Any CPU
		{7DC2BA75-558E-462D-B7BB-3EF7164D3B5F}.Release|Any CPU.Build.0 = Release|Any CPU
		{A7646207-C9CD-490B-86E2-D7BE9E76B278}.Debug|Any CPU.ActiveCfg = Debug|Any CPU
		{A7646207-C9CD-490B-86E2-D7BE9E76B278}.Debug|Any CPU.Build.0 = Debug|Any CPU
		{A7646207-C9CD-490B-86E2-D7BE9E76B278}.Release|Any CPU.ActiveCfg = Release|Any CPU
		{A7646207-C9CD-490B-86E2-D7BE9E76B278}.Release|Any CPU.Build.0 = Release|Any CPU
		{8CF93AC2-CFAE-48C5-B047-2666A14DA440}.Debug|Any CPU.ActiveCfg = Debug|Any CPU
		{8CF93AC2-CFAE-48C5-B047-2666A14DA440}.Debug|Any CPU.Build.0 = Debug|Any CPU
		{8CF93AC2-CFAE-48C5-B047-2666A14DA440}.Release|Any CPU.ActiveCfg = Release|Any CPU
		{8CF93AC2-CFAE-48C5-B047-2666A14DA440}.Release|Any CPU.Build.0 = Release|Any CPU
		{B1D848DB-5EA6-4D5D-B833-13C46839F9D0}.Debug|Any CPU.ActiveCfg = Debug|Any CPU
		{B1D848DB-5EA6-4D5D-B833-13C46839F9D0}.Debug|Any CPU.Build.0 = Debug|Any CPU
		{B1D848DB-5EA6-4D5D-B833-13C46839F9D0}.Release|Any CPU.ActiveCfg = Release|Any CPU
		{B1D848DB-5EA6-4D5D-B833-13C46839F9D0}.Release|Any CPU.Build.0 = Release|Any CPU
		{2F9671A8-D984-4821-8F74-B1CD136E4100}.Debug|Any CPU.ActiveCfg = Debug|Any CPU
		{2F9671A8-D984-4821-8F74-B1CD136E4100}.Debug|Any CPU.Build.0 = Debug|Any CPU
		{2F9671A8-D984-4821-8F74-B1CD136E4100}.Release|Any CPU.ActiveCfg = Release|Any CPU
		{2F9671A8-D984-4821-8F74-B1CD136E4100}.Release|Any CPU.Build.0 = Release|Any CPU
		{7E3F88F4-A617-4AC8-BC83-17F4BC6F0DA6}.Debug|Any CPU.ActiveCfg = Debug|Any CPU
		{7E3F88F4-A617-4AC8-BC83-17F4BC6F0DA6}.Debug|Any CPU.Build.0 = Debug|Any CPU
		{7E3F88F4-A617-4AC8-BC83-17F4BC6F0DA6}.Release|Any CPU.ActiveCfg = Release|Any CPU
		{7E3F88F4-A617-4AC8-BC83-17F4BC6F0DA6}.Release|Any CPU.Build.0 = Release|Any CPU
		{83386A44-A8BB-4FD5-994D-FAEA118CAD93}.Debug|Any CPU.ActiveCfg = Debug|Any CPU
		{83386A44-A8BB-4FD5-994D-FAEA118CAD93}.Debug|Any CPU.Build.0 = Debug|Any CPU
		{83386A44-A8BB-4FD5-994D-FAEA118CAD93}.Release|Any CPU.ActiveCfg = Release|Any CPU
		{83386A44-A8BB-4FD5-994D-FAEA118CAD93}.Release|Any CPU.Build.0 = Release|Any CPU
		{C30D70C2-36B7-4D68-9D54-B2D8A5B8FB1A}.Debug|Any CPU.ActiveCfg = Debug|Any CPU
		{C30D70C2-36B7-4D68-9D54-B2D8A5B8FB1A}.Debug|Any CPU.Build.0 = Debug|Any CPU
		{C30D70C2-36B7-4D68-9D54-B2D8A5B8FB1A}.Release|Any CPU.ActiveCfg = Release|Any CPU
		{C30D70C2-36B7-4D68-9D54-B2D8A5B8FB1A}.Release|Any CPU.Build.0 = Release|Any CPU
		{7A06EE29-B0F4-444C-8B0E-EB9A26FDF223}.Debug|Any CPU.ActiveCfg = Debug|Any CPU
		{7A06EE29-B0F4-444C-8B0E-EB9A26FDF223}.Debug|Any CPU.Build.0 = Debug|Any CPU
		{7A06EE29-B0F4-444C-8B0E-EB9A26FDF223}.Release|Any CPU.ActiveCfg = Release|Any CPU
		{7A06EE29-B0F4-444C-8B0E-EB9A26FDF223}.Release|Any CPU.Build.0 = Release|Any CPU
		{2DD237E0-43A7-49F9-B940-3683BE8AD7BA}.Debug|Any CPU.ActiveCfg = Debug|Any CPU
		{2DD237E0-43A7-49F9-B940-3683BE8AD7BA}.Debug|Any CPU.Build.0 = Debug|Any CPU
		{2DD237E0-43A7-49F9-B940-3683BE8AD7BA}.Release|Any CPU.ActiveCfg = Release|Any CPU
		{2DD237E0-43A7-49F9-B940-3683BE8AD7BA}.Release|Any CPU.Build.0 = Release|Any CPU
	EndGlobalSection
	GlobalSection(NestedProjects) = preSolution
		{83386A44-A8BB-4FD5-994D-FAEA118CAD93} = {531803A3-E97A-4558-9FED-874B3C5FAB76}
		{C30D70C2-36B7-4D68-9D54-B2D8A5B8FB1A} = {531803A3-E97A-4558-9FED-874B3C5FAB76}
		{7A06EE29-B0F4-444C-8B0E-EB9A26FDF223} = {531803A3-E97A-4558-9FED-874B3C5FAB76}
		{2DD237E0-43A7-49F9-B940-3683BE8AD7BA} = {531803A3-E97A-4558-9FED-874B3C5FAB76}
	EndGlobalSection
EndGlobal
